{
  "name": "horizonoptometry",
  "version": "1.0.0",
  "lockfileVersion": 3,
  "requires": true,
  "packages": {
    "": {
      "name": "horizonoptometry",
      "version": "1.0.0",
      "license": "ISC",
      "dependencies": {
        "gsap": "^3.12.5",
        "jquery": "^3.7.1",
        "jquery-lazy": "^1.7.11",
        "scrollmagic": "^2.0.8"
      }
    },
    "node_modules/gsap": {
      "version": "3.12.5",
      "resolved": "https://registry.npmjs.org/gsap/-/gsap-3.12.5.tgz",
      "integrity": "sha512-srBfnk4n+Oe/ZnMIOXt3gT605BX9x5+rh/prT2F1SsNJsU1XuMiP0E2aptW481OnonOGACZWBqseH5Z7csHxhQ=="
    },
    "node_modules/jquery": {
      "version": "3.7.1",
      "resolved": "https://registry.npmjs.org/jquery/-/jquery-3.7.1.tgz",
      "integrity": "sha512-m4avr8yL8kmFN8psrbFFFmB/If14iN5o9nw/NgnnM+kybDJpRsAynV2BsfpTYrTRysYUdADVD7CkUUizgkpLfg=="
    },
    "node_modules/jquery-lazy": {
      "version": "1.7.11",
      "resolved": "https://registry.npmjs.org/jquery-lazy/-/jquery-lazy-1.7.11.tgz",
      "integrity": "sha512-jNAOMwfgf+lYaOCc/atBVjbOzAIRW5BUyjQ4b4jJPkQM6I0zGZd4m/Y73ekfAlrQQDg3/Dge3YNhW7Cqjgi0UA==",
      "dependencies": {
        "jquery": ">=1.7.2"
      }
    },
    "node_modules/scrollmagic": {
      "version": "2.0.8",
      "resolved": "https://registry.npmjs.org/scrollmagic/-/scrollmagic-2.0.8.tgz",
      "integrity": "sha512-UYXEGBPVLziovXl3FjHGkY9c4UXKUKopIdXwWR2JapWxCo0U345wYegi7rcsv5vHf/ktc1bSNWy4QRFiV+Yccw==",
      "engines": {
        "node": ">=0.10.x"
      }
    }
  }
}
